// !$*UTF8*$!
{
	archiveVersion = 1;
	classes = {
	};
	objectVersion = 56;
	objects = {

/* Begin PBXBuildFile section */
		AAD1E72B29102F60009ED629 /* SwiftUIViewControllersApp.swift in Sources */ = {isa = PBXBuildFile; fileRef = AAD1E72A29102F60009ED629 /* SwiftUIViewControllersApp.swift */; };
		AAD1E72D29102F60009ED629 /* ContentView.swift in Sources */ = {isa = PBXBuildFile; fileRef = AAD1E72C29102F60009ED629 /* ContentView.swift */; };
		AAD1E72F29102F61009ED629 /* Assets.xcassets in Resources */ = {isa = PBXBuildFile; fileRef = AAD1E72E29102F61009ED629 /* Assets.xcassets */; };
		AAD1E73229102F61009ED629 /* Preview Assets.xcassets in Resources */ = {isa = PBXBuildFile; fileRef = AAD1E73129102F61009ED629 /* Preview Assets.xcassets */; };
		AAF811FE291038A5008C86B2 /* MiVistaViewController.swift in Sources */ = {isa = PBXBuildFile; fileRef = AAF811FC291038A5008C86B2 /* MiVistaViewController.swift */; };
		AAF811FF291038A5008C86B2 /* MiVistaViewController.xib in Resources */ = {isa = PBXBuildFile; fileRef = AAF811FD291038A5008C86B2 /* MiVistaViewController.xib */; };
		AAF8120129103B28008C86B2 /* UKitBridge.swift in Sources */ = {isa = PBXBuildFile; fileRef = AAF8120029103B28008C86B2 /* UKitBridge.swift */; };
		AAF8120329103BFA008C86B2 /* MiVistaProtocol.swift in Sources */ = {isa = PBXBuildFile; fileRef = AAF8120229103BFA008C86B2 /* MiVistaProtocol.swift */; };
		AAF8120B29104676008C86B2 /* MiVistaBridge.swift in Sources */ = {isa = PBXBuildFile; fileRef = AAF8120A29104676008C86B2 /* MiVistaBridge.swift */; };
		AAF8121229104AF4008C86B2 /* MiVista.swift in Sources */ = {isa = PBXBuildFile; fileRef = AAF8121029104AF4008C86B2 /* MiVista.swift */; };
		AAF8121329104AF4008C86B2 /* MiVista.xib in Resources */ = {isa = PBXBuildFile; fileRef = AAF8121129104AF4008C86B2 /* MiVista.xib */; };
/* End PBXBuildFile section */

/* Begin PBXFileReference section */
		AAD1E72729102F60009ED629 /* SwiftUIViewControllers.app */ = {isa = PBXFileReference; explicitFileType = wrapper.application; includeInIndex = 0; path = SwiftUIViewControllers.app; sourceTree = BUILT_PRODUCTS_DIR; };
		AAD1E72A29102F60009ED629 /* SwiftUIViewControllersApp.swift */ = {isa = PBXFileReference; lastKnownFileType = sourcecode.swift; path = SwiftUIViewControllersApp.swift; sourceTree = "<group>"; };
		AAD1E72C29102F60009ED629 /* ContentView.swift */ = {isa = PBXFileReference; lastKnownFileType = sourcecode.swift; path = ContentView.swift; sourceTree = "<group>"; };
		AAD1E72E29102F61009ED629 /* Assets.xcassets */ = {isa = PBXFileReference; lastKnownFileType = folder.assetcatalog; path = Assets.xcassets; sourceTree = "<group>"; };
		AAD1E73129102F61009ED629 /* Preview Assets.xcassets */ = {isa = PBXFileReference; lastKnownFileType = folder.assetcatalog; path = "Preview Assets.xcassets"; sourceTree = "<group>"; };
		AAF811FC291038A5008C86B2 /* MiVistaViewController.swift */ = {isa = PBXFileReference; lastKnownFileType = sourcecode.swift; path = MiVistaViewController.swift; sourceTree = "<group>"; };
		AAF811FD291038A5008C86B2 /* MiVistaViewController.xib */ = {isa = PBXFileReference; lastKnownFileType = file.xib; path = MiVistaViewController.xib; sourceTree = "<group>"; };
		AAF8120029103B28008C86B2 /* UKitBridge.swift */ = {isa = PBXFileReference; lastKnownFileType = sourcecode.swift; path = UKitBridge.swift; sourceTree = "<group>"; };
		AAF8120229103BFA008C86B2 /* MiVistaProtocol.swift */ = {isa = PBXFileReference; lastKnownFileType = sourcecode.swift; path = MiVistaProtocol.swift; sourceTree = "<group>"; };
		AAF8120A29104676008C86B2 /* MiVistaBridge.swift */ = {isa = PBXFileReference; lastKnownFileType = sourcecode.swift; path = MiVistaBridge.swift; sourceTree = "<group>"; };
		AAF8121029104AF4008C86B2 /* MiVista.swift */ = {isa = PBXFileReference; fileEncoding = 4; lastKnownFileType = sourcecode.swift; path = MiVista.swift; sourceTree = "<group>"; };
		AAF8121129104AF4008C86B2 /* MiVista.xib */ = {isa = PBXFileReference; fileEncoding = 4; lastKnownFileType = file.xib; path = MiVista.xib; sourceTree = "<group>"; };
/* End PBXFileReference section */

/* Begin PBXFrameworksBuildPhase section */
		AAD1E72429102F60009ED629 /* Frameworks */ = {
			isa = PBXFrameworksBuildPhase;
			buildActionMask = 2147483647;
			files = (
			);
			runOnlyForDeploymentPostprocessing = 0;
		};
/* End PBXFrameworksBuildPhase section */

/* Begin PBXGroup section */
		AAD1E71E29102F60009ED629 = {
			isa = PBXGroup;
			children = (
				AAD1E72929102F60009ED629 /* SwiftUIViewControllers */,
				AAD1E72829102F60009ED629 /* Products */,
			);
			sourceTree = "<group>";
		};
		AAD1E72829102F60009ED629 /* Products */ = {
			isa = PBXGroup;
			children = (
				AAD1E72729102F60009ED629 /* SwiftUIViewControllers.app */,
			);
			name = Products;
			sourceTree = "<group>";
		};
		AAD1E72929102F60009ED629 /* SwiftUIViewControllers */ = {
			isa = PBXGroup;
			children = (
				AAF811FB29103888008C86B2 /* UKit */,
				AAD1E72A29102F60009ED629 /* SwiftUIViewControllersApp.swift */,
				AAF8120029103B28008C86B2 /* UKitBridge.swift */,
				AAF8120A29104676008C86B2 /* MiVistaBridge.swift */,
				AAD1E72C29102F60009ED629 /* ContentView.swift */,
				AAD1E72E29102F61009ED629 /* Assets.xcassets */,
				AAD1E73029102F61009ED629 /* Preview Content */,
			);
			path = SwiftUIViewControllers;
			sourceTree = "<group>";
		};
		AAD1E73029102F61009ED629 /* Preview Content */ = {
			isa = PBXGroup;
			children = (
				AAD1E73129102F61009ED629 /* Preview Assets.xcassets */,
			);
			path = "Preview Content";
			sourceTree = "<group>";
		};
		AAF811FB29103888008C86B2 /* UKit */ = {
			isa = PBXGroup;
			children = (
				AAF81205291044CC008C86B2 /* Vista */,
				AAF81204291044C2008C86B2 /* Controller */,
			);
			path = UKit;
			sourceTree = "<group>";
		};
		AAF81204291044C2008C86B2 /* Controller */ = {
			isa = PBXGroup;
			children = (
				AAF811FC291038A5008C86B2 /* MiVistaViewController.swift */,
				AAF811FD291038A5008C86B2 /* MiVistaViewController.xib */,
				AAF8120229103BFA008C86B2 /* MiVistaProtocol.swift */,
			);
			path = Controller;
			sourceTree = "<group>";
		};
		AAF81205291044CC008C86B2 /* Vista */ = {
			isa = PBXGroup;
			children = (
				AAF8121029104AF4008C86B2 /* MiVista.swift */,
				AAF8121129104AF4008C86B2 /* MiVista.xib */,
			);
			path = Vista;
			sourceTree = "<group>";
		};
/* End PBXGroup section */

/* Begin PBXNativeTarget section */
		AAD1E72629102F60009ED629 /* SwiftUIViewControllers */ = {
			isa = PBXNativeTarget;
			buildConfigurationList = AAD1E73529102F61009ED629 /* Build configuration list for PBXNativeTarget "SwiftUIViewControllers" */;
			buildPhases = (
				AAD1E72329102F60009ED629 /* Sources */,
				AAD1E72429102F60009ED629 /* Frameworks */,
				AAD1E72529102F60009ED629 /* Resources */,
			);
			buildRules = (
			);
			dependencies = (
			);
			name = SwiftUIViewControllers;
			productName = SwiftUIViewControllers;
			productReference = AAD1E72729102F60009ED629 /* SwiftUIViewControllers.app */;
			productType = "com.apple.product-type.application";
		};
/* End PBXNativeTarget section */

/* Begin PBXProject section */
		AAD1E71F29102F60009ED629 /* Project object */ = {
			isa = PBXProject;
			attributes = {
				BuildIndependentTargetsInParallel = 1;
				LastSwiftUpdateCheck = 1400;
				LastUpgradeCheck = 1400;
				TargetAttributes = {
					AAD1E72629102F60009ED629 = {
						CreatedOnToolsVersion = 14.0.1;
					};
				};
			};
			buildConfigurationList = AAD1E72229102F60009ED629 /* Build configuration list for PBXProject "SwiftUIViewControllers" */;
			compatibilityVersion = "Xcode 14.0";
			developmentRegion = en;
			hasScannedForEncodings = 0;
			knownRegions = (
				en,
				Base,
			);
			mainGroup = AAD1E71E29102F60009ED629;
			productRefGroup = AAD1E72829102F60009ED629 /* Products */;
			projectDirPath = "";
			projectRoot = "";
			targets = (
				AAD1E72629102F60009ED629 /* SwiftUIViewControllers */,
			);
		};
/* End PBXProject section */

/* Begin PBXResourcesBuildPhase section */
		AAD1E72529102F60009ED629 /* Resources */ = {
			isa = PBXResourcesBuildPhase;
			buildActionMask = 2147483647;
			files = (
				AAD1E73229102F61009ED629 /* Preview Assets.xcassets in Resources */,
				AAF8121329104AF4008C86B2 /* MiVista.xib in Resources */,
				AAF811FF291038A5008C86B2 /* MiVistaViewController.xib in Resources */,
				AAD1E72F29102F61009ED629 /* Assets.xcassets in Resources */,
			);
			runOnlyForDeploymentPostprocessing = 0;
		};
/* End PBXResourcesBuildPhase section */

/* Begin PBXSourcesBuildPhase section */
		AAD1E72329102F60009ED629 /* Sources */ = {
			isa = PBXSourcesBuildPhase;
			buildActionMask = 2147483647;
			files = (
				AAD1E72D29102F60009ED629 /* ContentView.swift in Sources */,
				AAF8120129103B28008C86B2 /* UKitBridge.swift in Sources */,
				AAD1E72B29102F60009ED629 /* SwiftUIViewControllersApp.swift in Sources */,
				AAF8120329103BFA008C86B2 /* MiVistaProtocol.swift in Sources */,
				AAF8121229104AF4008C86B2 /* MiVista.swift in Sources */,
				AAF8120B29104676008C86B2 /* MiVistaBridge.swift in Sources */,
				AAF811FE291038A5008C86B2 /* MiVistaViewController.swift in Sources */,
			);
			runOnlyForDeploymentPostprocessing = 0;
		};
/* End PBXSourcesBuildPhase section */

/* Begin XCBuildConfiguration section */
		AAD1E73329102F61009ED629 /* Debug */ = {
			isa = XCBuildConfiguration;
			buildSettings = {
				ALWAYS_SEARCH_USER_PATHS = NO;
				CLANG_ANALYZER_NONNULL = YES;
				CLANG_ANALYZER_NUMBER_OBJECT_CONVERSION = YES_AGGRESSIVE;
				CLANG_CXX_LANGUAGE_STANDARD = "gnu++20";
				CLANG_ENABLE_MODULES = YES;
				CLANG_ENABLE_OBJC_ARC = YES;
				CLANG_ENABLE_OBJC_WEAK = YES;
				CLANG_WARN_BLOCK_CAPTURE_AUTORELEASING = YES;
				CLANG_WARN_BOOL_CONVERSION = YES;
				CLANG_WARN_COMMA = YES;
				CLANG_WARN_CONSTANT_CONVERSION = YES;
				CLANG_WARN_DEPRECATED_OBJC_IMPLEMENTATIONS = YES;
				CLANG_WARN_DIRECT_OBJC_ISA_USAGE = YES_ERROR;
				CLANG_WARN_DOCUMENTATION_COMMENTS = YES;
				CLANG_WARN_EMPTY_BODY = YES;
				CLANG_WARN_ENUM_CONVERSION = YES;
				CLANG_WARN_INFINITE_RECURSION = YES;
				CLANG_WARN_INT_CONVERSION = YES;
				CLANG_WARN_NON_LITERAL_NULL_CONVERSION = YES;
				CLANG_WARN_OBJC_IMPLICIT_RETAIN_SELF = YES;
				CLANG_WARN_OBJC_LITERAL_CONVERSION = YES;
				CLANG_WARN_OBJC_ROOT_CLASS = YES_ERROR;
				CLANG_WARN_QUOTED_INCLUDE_IN_FRAMEWORK_HEADER = YES;
				CLANG_WARN_RANGE_LOOP_ANALYSIS = YES;
				CLANG_WARN_STRICT_PROTOTYPES = YES;
				CLANG_WARN_SUSPICIOUS_MOVE = YES;
				CLANG_WARN_UNGUARDED_AVAILABILITY = YES_AGGRESSIVE;
				CLANG_WARN_UNREACHABLE_CODE = YES;
				CLANG_WARN__DUPLICATE_METHOD_MATCH = YES;
				COPY_PHASE_STRIP = NO;
				DEBUG_INFORMATION_FORMAT = dwarf;
				ENABLE_STRICT_OBJC_MSGSEND = YES;
				ENABLE_TESTABILITY = YES;
				GCC_C_LANGUAGE_STANDARD = gnu11;
				GCC_DYNAMIC_NO_PIC = NO;
				GCC_NO_COMMON_BLOCKS = YES;
				GCC_OPTIMIZATION_LEVEL = 0;
				GCC_PREPROCESSOR_DEFINITIONS = (
					"DEBUG=1",
					"$(inherited)",
				);
				GCC_WARN_64_TO_32_BIT_CONVERSION = YES;
				GCC_WARN_ABOUT_RETURN_TYPE = YES_ERROR;
				GCC_WARN_UNDECLARED_SELECTOR = YES;
				GCC_WARN_UNINITIALIZED_AUTOS = YES_AGGRESSIVE;
				GCC_WARN_UNUSED_FUNCTION = YES;
				GCC_WARN_UNUSED_VARIABLE = YES;
				IPHONEOS_DEPLOYMENT_TARGET = 16.0;
				MTL_ENABLE_DEBUG_INFO = INCLUDE_SOURCE;
				MTL_FAST_MATH = YES;
				ONLY_ACTIVE_ARCH = YES;
				SDKROOT = iphoneos;
				SWIFT_ACTIVE_COMPILATION_CONDITIONS = DEBUG;
				SWIFT_OPTIMIZATION_LEVEL = "-Onone";
			};
			name = Debug;
		};
		AAD1E73429102F61009ED629 /* Release */ = {
			isa = XCBuildConfiguration;
			buildSettings = {
				ALWAYS_SEARCH_USER_PATHS = NO;
				CLANG_ANALYZER_NONNULL = YES;
				CLANG_ANALYZER_NUMBER_OBJECT_CONVERSION = YES_AGGRESSIVE;
				CLANG_CXX_LANGUAGE_STANDARD = "gnu++20";
				CLANG_ENABLE_MODULES = YES;
				CLANG_ENABLE_OBJC_ARC = YES;
				CLANG_ENABLE_OBJC_WEAK = YES;
				CLANG_WARN_BLOCK_CAPTURE_AUTORELEASING = YES;
				CLANG_WARN_BOOL_CONVERSION = YES;
				CLANG_WARN_COMMA = YES;
				CLANG_WARN_CONSTANT_CONVERSION = YES;
				CLANG_WARN_DEPRECATED_OBJC_IMPLEMENTATIONS = YES;
				CLANG_WARN_DIRECT_OBJC_ISA_USAGE = YES_ERROR;
				CLANG_WARN_DOCUMENTATION_COMMENTS = YES;
				CLANG_WARN_EMPTY_BODY = YES;
				CLANG_WARN_ENUM_CONVERSION = YES;
				CLANG_WARN_INFINITE_RECURSION = YES;
				CLANG_WARN_INT_CONVERSION = YES;
				CLANG_WARN_NON_LITERAL_NULL_CONVERSION = YES;
				CLANG_WARN_OBJC_IMPLICIT_RETAIN_SELF = YES;
				CLANG_WARN_OBJC_LITERAL_CONVERSION = YES;
				CLANG_WARN_OBJC_ROOT_CLASS = YES_ERROR;
				CLANG_WARN_QUOTED_INCLUDE_IN_FRAMEWORK_HEADER = YES;
				CLANG_WARN_RANGE_LOOP_ANALYSIS = YES;
				CLANG_WARN_STRICT_PROTOTYPES = YES;
				CLANG_WARN_SUSPICIOUS_MOVE = YES;
				CLANG_WARN_UNGUARDED_AVAILABILITY = YES_AGGRESSIVE;
				CLANG_WARN_UNREACHABLE_CODE = YES;
				CLANG_WARN__DUPLICATE_METHOD_MATCH = YES;
				COPY_PHASE_STRIP = NO;
				DEBUG_INFORMATION_FORMAT = "dwarf-with-dsym";
				ENABLE_NS_ASSERTIONS = NO;
				ENABLE_STRICT_OBJC_MSGSEND = YES;
				GCC_C_LANGUAGE_STANDARD = gnu11;
				GCC_NO_COMMON_BLOCKS = YES;
				GCC_WARN_64_TO_32_BIT_CONVERSION = YES;
				GCC_WARN_ABOUT_RETURN_TYPE = YES_ERROR;
				GCC_WARN_UNDECLARED_SELECTOR = YES;
				GCC_WARN_UNINITIALIZED_AUTOS = YES_AGGRESSIVE;
				GCC_WARN_UNUSED_FUNCTION = YES;
				GCC_WARN_UNUSED_VARIABLE = YES;
				IPHONEOS_DEPLOYMENT_TARGET = 16.0;
				MTL_ENABLE_DEBUG_INFO = NO;
				MTL_FAST_MATH = YES;
				SDKROOT = iphoneos;
				SWIFT_COMPILATION_MODE = wholemodule;
				SWIFT_OPTIMIZATION_LEVEL = "-O";
				VALIDATE_PRODUCT = YES;
			};
			name = Release;
		};
		AAD1E73629102F61009ED629 /* Debug */ = {
			isa = XCBuildConfiguration;
			buildSettings = {
				ASSETCATALOG_COMPILER_APPICON_NAME = AppIcon;
				ASSETCATALOG_COMPILER_GLOBAL_ACCENT_COLOR_NAME = AccentColor;
				CODE_SIGN_STYLE = Automatic;
				CURRENT_PROJECT_VERSION = 1;
				DEVELOPMENT_ASSET_PATHS = "\"SwiftUIViewControllers/Preview Content\"";
				DEVELOPMENT_TEAM = 9TPTHP2V2G;
				ENABLE_PREVIEWS = YES;
				GENERATE_INFOPLIST_FILE = YES;
				INFOPLIST_KEY_UIApplicationSceneManifest_Generation = YES;
				INFOPLIST_KEY_UIApplicationSupportsIndirectInputEvents = YES;
				INFOPLIST_KEY_UILaunchScreen_Generation = YES;
				INFOPLIST_KEY_UISupportedInterfaceOrientations_iPad = "UIInterfaceOrientationPortrait UIInterfaceOrientationPortraitUpsideDown UIInterfaceOrientationLandscapeLeft UIInterfaceOrientationLandscapeRight";
				INFOPLIST_KEY_UISupportedInterfaceOrientations_iPhone = "UIInterfaceOrientationPortrait UIInterfaceOrientationLandscapeLeft UIInterfaceOrientationLandscapeRight";
				LD_RUNPATH_SEARCH_PATHS = (
					"$(inherited)",
					"@executable_path/Frameworks",
				);
				MARKETING_VERSION = 1.0;
				PRODUCT_BUNDLE_IDENTIFIER = com.bugsoft.SwiftUIViewControllers;
				PRODUCT_NAME = "$(TARGET_NAME)";
				SWIFT_EMIT_LOC_STRINGS = YES;
				SWIFT_VERSION = 5.0;
				TARGETED_DEVICE_FAMILY = "1,2";
			};
			name = Debug;
		};
		AAD1E73729102F61009ED629 /* Release */ = {
			isa = XCBuildConfiguration;
			buildSettings = {
				ASSETCATALOG_COMPILER_APPICON_NAME = AppIcon;
				ASSETCATALOG_COMPILER_GLOBAL_ACCENT_COLOR_NAME = AccentColor;
				CODE_SIGN_STYLE = Automatic;
				CURRENT_PROJECT_VERSION = 1;
				DEVELOPMENT_ASSET_PATHS = "\"SwiftUIViewControllers/Preview Content\"";
				DEVELOPMENT_TEAM = 9TPTHP2V2G;
				ENABLE_PREVIEWS = YES;
				GENERATE_INFOPLIST_FILE = YES;
				INFOPLIST_KEY_UIApplicationSceneManifest_Generation = YES;
				INFOPLIST_KEY_UIApplicationSupportsIndirectInputEvents = YES;
				INFOPLIST_KEY_UILaunchScreen_Generation = YES;
				INFOPLIST_KEY_UISupportedInterfaceOrientations_iPad = "UIInterfaceOrientationPortrait UIInterfaceOrientationPortraitUpsideDown UIInterfaceOrientationLandscapeLeft UIInterfaceOrientationLandscapeRight";
				INFOPLIST_KEY_UISupportedInterfaceOrientations_iPhone = "UIInterfaceOrientationPortrait UIInterfaceOrientationLandscapeLeft UIInterfaceOrientationLandscapeRight";
				LD_RUNPATH_SEARCH_PATHS = (
					"$(inherited)",
					"@executable_path/Frameworks",
				);
				MARKETING_VERSION = 1.0;
				PRODUCT_BUNDLE_IDENTIFIER = com.bugsoft.SwiftUIViewControllers;
				PRODUCT_NAME = "$(TARGET_NAME)";
				SWIFT_EMIT_LOC_STRINGS = YES;
				SWIFT_VERSION = 5.0;
				TARGETED_DEVICE_FAMILY = "1,2";
			};
			name = Release;
		};
/* End XCBuildConfiguration section */

/* Begin XCConfigurationList section */
		AAD1E72229102F60009ED629 /* Build configuration list for PBXProject "SwiftUIViewControllers" */ = {
			isa = XCConfigurationList;
			buildConfigurations = (
				AAD1E73329102F61009ED629 /* Debug */,
				AAD1E73429102F61009ED629 /* Release */,
			);
			defaultConfigurationIsVisible = 0;
			defaultConfigurationName = Release;
		};
		AAD1E73529102F61009ED629 /* Build configuration list for PBXNativeTarget "SwiftUIViewControllers" */ = {
			isa = XCConfigurationList;
			buildConfigurations = (
				AAD1E73629102F61009ED629 /* Debug */,
				AAD1E73729102F61009ED629 /* Release */,
			);
			defaultConfigurationIsVisible = 0;
			defaultConfigurationName = Release;
		};
/* End XCConfigurationList section */
	};
	rootObject = AAD1E71F29102F60009ED629 /* Project object */;
}
